<?xml version="1.0" encoding="utf-8"?>
<Project ToolsVersion="4.0" xmlns="http://schemas.microsoft.com/developer/msbuild/2003">
  <ItemGroup>
    <ClCompile Include="src\Component\ColliderComponent.cpp" />
    <ClCompile Include="src\Component\PhysicComponent.cpp" />
    <ClCompile Include="src\Component\IComponent.cpp" />
    <ClCompile Include="src\Component\RenderComponent.cpp" />
    <ClCompile Include="src\Component\TransformComponent.cpp" />
    <ClCompile Include="src\GameObject\GameObject.cpp" />
    <ClCompile Include="src\GameObject\Matrix.cpp" />
    <ClCompile Include="Parse.cpp" />
    <ClCompile Include="src\Application.cpp" />
    <ClCompile Include="src\Render\Render.cpp" />
    <ClCompile Include="src\Render\Shader.cpp" />
    <ClCompile Include="src\Render\Texture.cpp" />
    <ClCompile Include="src\Render\Vao.cpp" />
    <ClCompile Include="src\Scene.cpp" />
    <ClCompile Include="src\SceneManager.cpp" />
    <ClCompile Include="src\Buffers.cpp" />
    <ClCompile Include="src\File.cpp" />
    <ClCompile Include="src\Windows.cpp" />
    <ClCompile Include="stb_image.cpp" />
    <ClCompile Include="stb_truetype.cpp" />
  </ItemGroup>
  <ItemGroup>
    <ClInclude Include="include\Component\ColliderComponent.h" />
    <ClInclude Include="ImGui\imconfig.h" />
    <ClInclude Include="ImGui\imgui.h" />
    <ClInclude Include="ImGui\imgui_impl_glfw.h" />
    <ClInclude Include="ImGui\imgui_impl_opengl3.h" />
    <ClInclude Include="ImGui\imgui_internal.h" />
    <ClInclude Include="ImGui\imstb_rectpack.h" />
    <ClInclude Include="ImGui\imstb_textedit.h" />
    <ClInclude Include="ImGui\imstb_truetype.h" />
    <ClInclude Include="include\Application.h" />
    <ClInclude Include="include\Component\IComponent.h" />
    <ClInclude Include="include\Component\RenderComponent.h" />
    <ClInclude Include="include\Component\TransformComponent.h" />
    <ClInclude Include="include\File.h" />
    <ClInclude Include="include\GameObject\GameObject.h" />
    <ClInclude Include="include\GameObject\GameObject.hxx" />
    <ClInclude Include="include\Render\Buffers.h" />
    <ClInclude Include="include\Render\Render.h" />
    <ClInclude Include="include\Render\Shader.h" />
    <ClInclude Include="include\Render\Texture.h" />
    <ClInclude Include="include\Render\Vao.h" />
    <ClInclude Include="include\Render\Windows.h" />
    <ClInclude Include="include\stb_image.h" />
    <ClInclude Include="include\stb_truetype.h" />
    <ClInclude Include="include\Scene.h" />
    <ClInclude Include="include\SceneManager.h" />
    <ClInclude Include="include\Matrix.h" />
    <ClInclude Include="include\Component\PhysicComponent.h" />
    <ClInclude Include="include\Windows.h" />
    <ClInclude Include="Parse.h" />
  </ItemGroup>
  <ItemGroup>
    <Image Include="Texture\container.jpg" />
    <Image Include="Texture\Holstein.DDS" />
  </ItemGroup>
  <ItemGroup>
    <Text Include="Shaders\fsSrc.txt" />
    <Text Include="Shaders\vsSrc.txt" />
  </ItemGroup>
  <ItemGroup>
    <Filter Include="SoLoud">
      <UniqueIdentifier>{c4336e10-92f6-4328-966d-f2601e8432ea}</UniqueIdentifier>
    </Filter>
  </ItemGroup>
</Project>